// !$*UTF8*$!
{
	archiveVersion = 1;
	classes = {
	};
	objectVersion = 50;
	objects = {

/* Begin PBXBuildFile section */
		A42C259C22D5314D00FA0D64 /* AppDelegate.swift in Sources */ = {isa = PBXBuildFile; fileRef = A42C259B22D5314D00FA0D64 /* AppDelegate.swift */; };
		A42C25A122D5314D00FA0D64 /* Main.storyboard in Resources */ = {isa = PBXBuildFile; fileRef = A42C259F22D5314D00FA0D64 /* Main.storyboard */; };
		A42C25A322D5314E00FA0D64 /* Assets.xcassets in Resources */ = {isa = PBXBuildFile; fileRef = A42C25A222D5314E00FA0D64 /* Assets.xcassets */; };
		A42C25A622D5314E00FA0D64 /* LaunchScreen.storyboard in Resources */ = {isa = PBXBuildFile; fileRef = A42C25A422D5314E00FA0D64 /* LaunchScreen.storyboard */; };
		A42C25B422D5324D00FA0D64 /* Default-568h@2x.png in Resources */ = {isa = PBXBuildFile; fileRef = A42C25B322D5324D00FA0D64 /* Default-568h@2x.png */; };
		A42C25B622D532F000FA0D64 /* PostListTableViewController.swift in Sources */ = {isa = PBXBuildFile; fileRef = A42C25B522D532F000FA0D64 /* PostListTableViewController.swift */; };
		A42C25B822D5335D00FA0D64 /* PostDetailTableViewController.swift in Sources */ = {isa = PBXBuildFile; fileRef = A42C25B722D5335D00FA0D64 /* PostDetailTableViewController.swift */; };
		A42C25BA22D533AE00FA0D64 /* AddPostTableViewController.swift in Sources */ = {isa = PBXBuildFile; fileRef = A42C25B922D533AE00FA0D64 /* AddPostTableViewController.swift */; };
		A42C25BC22D533D800FA0D64 /* Post.swift in Sources */ = {isa = PBXBuildFile; fileRef = A42C25BB22D533D800FA0D64 /* Post.swift */; };
/* End PBXBuildFile section */

/* Begin PBXFileReference section */
		A42C259822D5314D00FA0D64 /* Continuum.app */ = {isa = PBXFileReference; explicitFileType = wrapper.application; includeInIndex = 0; path = Continuum.app; sourceTree = BUILT_PRODUCTS_DIR; };
		A42C259B22D5314D00FA0D64 /* AppDelegate.swift */ = {isa = PBXFileReference; lastKnownFileType = sourcecode.swift; path = AppDelegate.swift; sourceTree = "<group>"; };
		A42C25A022D5314D00FA0D64 /* Base */ = {isa = PBXFileReference; lastKnownFileType = file.storyboard; name = Base; path = Base.lproj/Main.storyboard; sourceTree = "<group>"; };
		A42C25A222D5314E00FA0D64 /* Assets.xcassets */ = {isa = PBXFileReference; lastKnownFileType = folder.assetcatalog; path = Assets.xcassets; sourceTree = "<group>"; };
		A42C25A522D5314E00FA0D64 /* Base */ = {isa = PBXFileReference; lastKnownFileType = file.storyboard; name = Base; path = Base.lproj/LaunchScreen.storyboard; sourceTree = "<group>"; };
		A42C25A722D5314E00FA0D64 /* Info.plist */ = {isa = PBXFileReference; lastKnownFileType = text.plist.xml; path = Info.plist; sourceTree = "<group>"; };
		A42C25B322D5324D00FA0D64 /* Default-568h@2x.png */ = {isa = PBXFileReference; lastKnownFileType = image.png; path = "Default-568h@2x.png"; sourceTree = "<group>"; };
		A42C25B522D532F000FA0D64 /* PostListTableViewController.swift */ = {isa = PBXFileReference; lastKnownFileType = sourcecode.swift; path = PostListTableViewController.swift; sourceTree = "<group>"; };
		A42C25B722D5335D00FA0D64 /* PostDetailTableViewController.swift */ = {isa = PBXFileReference; lastKnownFileType = sourcecode.swift; path = PostDetailTableViewController.swift; sourceTree = "<group>"; };
		A42C25B922D533AE00FA0D64 /* AddPostTableViewController.swift */ = {isa = PBXFileReference; lastKnownFileType = sourcecode.swift; path = AddPostTableViewController.swift; sourceTree = "<group>"; };
		A42C25BB22D533D800FA0D64 /* Post.swift */ = {isa = PBXFileReference; lastKnownFileType = sourcecode.swift; path = Post.swift; sourceTree = "<group>"; };
/* End PBXFileReference section */

/* Begin PBXFrameworksBuildPhase section */
		A42C259522D5314D00FA0D64 /* Frameworks */ = {
			isa = PBXFrameworksBuildPhase;
			buildActionMask = 2147483647;
			files = (
			);
			runOnlyForDeploymentPostprocessing = 0;
		};
/* End PBXFrameworksBuildPhase section */

/* Begin PBXGroup section */
		A42C258F22D5314D00FA0D64 = {
			isa = PBXGroup;
			children = (
				A42C25B322D5324D00FA0D64 /* Default-568h@2x.png */,
				A42C259A22D5314D00FA0D64 /* Continuum */,
				A42C259922D5314D00FA0D64 /* Products */,
			);
			sourceTree = "<group>";
		};
		A42C259922D5314D00FA0D64 /* Products */ = {
			isa = PBXGroup;
			children = (
				A42C259822D5314D00FA0D64 /* Continuum.app */,
			);
			name = Products;
			sourceTree = "<group>";
		};
		A42C259A22D5314D00FA0D64 /* Continuum */ = {
			isa = PBXGroup;
			children = (
				A42C25AF22D5318300FA0D64 /* Model */,
				A42C25AE22D5317900FA0D64 /* View */,
				A42C25B022D5318A00FA0D64 /* Cotroller */,
				A42C25AD22D5317100FA0D64 /* Resources */,
			);
			path = Continuum;
			sourceTree = "<group>";
		};
		A42C25AD22D5317100FA0D64 /* Resources */ = {
			isa = PBXGroup;
			children = (
				A42C259B22D5314D00FA0D64 /* AppDelegate.swift */,
				A42C25A222D5314E00FA0D64 /* Assets.xcassets */,
				A42C25A422D5314E00FA0D64 /* LaunchScreen.storyboard */,
				A42C25A722D5314E00FA0D64 /* Info.plist */,
			);
			path = Resources;
			sourceTree = "<group>";
		};
		A42C25AE22D5317900FA0D64 /* View */ = {
			isa = PBXGroup;
			children = (
				A42C259F22D5314D00FA0D64 /* Main.storyboard */,
			);
			path = View;
			sourceTree = "<group>";
		};
		A42C25AF22D5318300FA0D64 /* Model */ = {
			isa = PBXGroup;
			children = (
				A42C25BB22D533D800FA0D64 /* Post.swift */,
			);
			path = Model;
			sourceTree = "<group>";
		};
		A42C25B022D5318A00FA0D64 /* Cotroller */ = {
			isa = PBXGroup;
			children = (
				A42C25B222D531A700FA0D64 /* ViewController */,
				A42C25B122D5319F00FA0D64 /* ModelController */,
			);
			path = Cotroller;
			sourceTree = "<group>";
		};
		A42C25B122D5319F00FA0D64 /* ModelController */ = {
			isa = PBXGroup;
			children = (
			);
			path = ModelController;
			sourceTree = "<group>";
		};
		A42C25B222D531A700FA0D64 /* ViewController */ = {
			isa = PBXGroup;
			children = (
				A42C25B522D532F000FA0D64 /* PostListTableViewController.swift */,
				A42C25B722D5335D00FA0D64 /* PostDetailTableViewController.swift */,
				A42C25B922D533AE00FA0D64 /* AddPostTableViewController.swift */,
			);
			path = ViewController;
			sourceTree = "<group>";
		};
/* End PBXGroup section */

/* Begin PBXNativeTarget section */
		A42C259722D5314D00FA0D64 /* Continuum */ = {
			isa = PBXNativeTarget;
			buildConfigurationList = A42C25AA22D5314E00FA0D64 /* Build configuration list for PBXNativeTarget "Continuum" */;
			buildPhases = (
				A42C259422D5314D00FA0D64 /* Sources */,
				A42C259522D5314D00FA0D64 /* Frameworks */,
				A42C259622D5314D00FA0D64 /* Resources */,
			);
			buildRules = (
			);
			dependencies = (
			);
			name = Continuum;
			productName = Continuum;
			productReference = A42C259822D5314D00FA0D64 /* Continuum.app */;
			productType = "com.apple.product-type.application";
		};
/* End PBXNativeTarget section */

/* Begin PBXProject section */
		A42C259022D5314D00FA0D64 /* Project object */ = {
			isa = PBXProject;
			attributes = {
				LastSwiftUpdateCheck = 1020;
				LastUpgradeCheck = 1020;
				ORGANIZATIONNAME = "Jason Mandozzi";
				TargetAttributes = {
					A42C259722D5314D00FA0D64 = {
						CreatedOnToolsVersion = 10.2.1;
					};
				};
			};
			buildConfigurationList = A42C259322D5314D00FA0D64 /* Build configuration list for PBXProject "Continuum" */;
			compatibilityVersion = "Xcode 9.3";
			developmentRegion = en;
			hasScannedForEncodings = 0;
			knownRegions = (
				en,
				Base,
			);
			mainGroup = A42C258F22D5314D00FA0D64;
			productRefGroup = A42C259922D5314D00FA0D64 /* Products */;
			projectDirPath = "";
			projectRoot = "";
			targets = (
				A42C259722D5314D00FA0D64 /* Continuum */,
			);
		};
/* End PBXProject section */

/* Begin PBXResourcesBuildPhase section */
		A42C259622D5314D00FA0D64 /* Resources */ = {
			isa = PBXResourcesBuildPhase;
			buildActionMask = 2147483647;
			files = (
				A42C25A622D5314E00FA0D64 /* LaunchScreen.storyboard in Resources */,
				A42C25B422D5324D00FA0D64 /* Default-568h@2x.png in Resources */,
				A42C25A322D5314E00FA0D64 /* Assets.xcassets in Resources */,
				A42C25A122D5314D00FA0D64 /* Main.storyboard in Resources */,
			);
			runOnlyForDeploymentPostprocessing = 0;
		};
/* End PBXResourcesBuildPhase section */

/* Begin PBXSourcesBuildPhase section */
		A42C259422D5314D00FA0D64 /* Sources */ = {
			isa = PBXSourcesBuildPhase;
			buildActionMask = 2147483647;
			files = (
				A42C259C22D5314D00FA0D64 /* AppDelegate.swift in Sources */,
				A42C25B622D532F000FA0D64 /* PostListTableViewController.swift in Sources */,
				A42C25BA22D533AE00FA0D64 /* AddPostTableViewController.swift in Sources */,
				A42C25B822D5335D00FA0D64 /* PostDetailTableViewController.swift in Sources */,
				A42C25BC22D533D800FA0D64 /* Post.swift in Sources */,
			);
			runOnlyForDeploymentPostprocessing = 0;
		};
/* End PBXSourcesBuildPhase section */

/* Begin PBXVariantGroup section */
		A42C259F22D5314D00FA0D64 /* Main.storyboard */ = {
			isa = PBXVariantGroup;
			children = (
				A42C25A022D5314D00FA0D64 /* Base */,
			);
			name = Main.storyboard;
			sourceTree = "<group>";
		};
		A42C25A422D5314E00FA0D64 /* LaunchScreen.storyboard */ = {
			isa = PBXVariantGroup;
			children = (
				A42C25A522D5314E00FA0D64 /* Base */,
			);
			name = LaunchScreen.storyboard;
			sourceTree = "<group>";
		};
/* End PBXVariantGroup section */

/* Begin XCBuildConfiguration section */
		A42C25A822D5314E00FA0D64 /* Debug */ = {
			isa = XCBuildConfiguration;
			buildSettings = {
				ALWAYS_SEARCH_USER_PATHS = NO;
				CLANG_ANALYZER_NONNULL = YES;
				CLANG_ANALYZER_NUMBER_OBJECT_CONVERSION = YES_AGGRESSIVE;
				CLANG_CXX_LANGUAGE_STANDARD = "gnu++14";
				CLANG_CXX_LIBRARY = "libc++";
				CLANG_ENABLE_MODULES = YES;
				CLANG_ENABLE_OBJC_ARC = YES;
				CLANG_ENABLE_OBJC_WEAK = YES;
				CLANG_WARN_BLOCK_CAPTURE_AUTORELEASING = YES;
				CLANG_WARN_BOOL_CONVERSION = YES;
				CLANG_WARN_COMMA = YES;
				CLANG_WARN_CONSTANT_CONVERSION = YES;
				CLANG_WARN_DEPRECATED_OBJC_IMPLEMENTATIONS = YES;
				CLANG_WARN_DIRECT_OBJC_ISA_USAGE = YES_ERROR;
				CLANG_WARN_DOCUMENTATION_COMMENTS = YES;
				CLANG_WARN_EMPTY_BODY = YES;
				CLANG_WARN_ENUM_CONVERSION = YES;
				CLANG_WARN_INFINITE_RECURSION = YES;
				CLANG_WARN_INT_CONVERSION = YES;
				CLANG_WARN_NON_LITERAL_NULL_CONVERSION = YES;
				CLANG_WARN_OBJC_IMPLICIT_RETAIN_SELF = YES;
				CLANG_WARN_OBJC_LITERAL_CONVERSION = YES;
				CLANG_WARN_OBJC_ROOT_CLASS = YES_ERROR;
				CLANG_WARN_RANGE_LOOP_ANALYSIS = YES;
				CLANG_WARN_STRICT_PROTOTYPES = YES;
				CLANG_WARN_SUSPICIOUS_MOVE = YES;
				CLANG_WARN_UNGUARDED_AVAILABILITY = YES_AGGRESSIVE;
				CLANG_WARN_UNREACHABLE_CODE = YES;
				CLANG_WARN__DUPLICATE_METHOD_MATCH = YES;
				CODE_SIGN_IDENTITY = "iPhone Developer";
				COPY_PHASE_STRIP = NO;
				DEBUG_INFORMATION_FORMAT = dwarf;
				ENABLE_STRICT_OBJC_MSGSEND = YES;
				ENABLE_TESTABILITY = YES;
				GCC_C_LANGUAGE_STANDARD = gnu11;
				GCC_DYNAMIC_NO_PIC = NO;
				GCC_NO_COMMON_BLOCKS = YES;
				GCC_OPTIMIZATION_LEVEL = 0;
				GCC_PREPROCESSOR_DEFINITIONS = (
					"DEBUG=1",
					"$(inherited)",
				);
				GCC_WARN_64_TO_32_BIT_CONVERSION = YES;
				GCC_WARN_ABOUT_RETURN_TYPE = YES_ERROR;
				GCC_WARN_UNDECLARED_SELECTOR = YES;
				GCC_WARN_UNINITIALIZED_AUTOS = YES_AGGRESSIVE;
				GCC_WARN_UNUSED_FUNCTION = YES;
				GCC_WARN_UNUSED_VARIABLE = YES;
				IPHONEOS_DEPLOYMENT_TARGET = 12.2;
				MTL_ENABLE_DEBUG_INFO = INCLUDE_SOURCE;
				MTL_FAST_MATH = YES;
				ONLY_ACTIVE_ARCH = YES;
				SDKROOT = iphoneos;
				SWIFT_ACTIVE_COMPILATION_CONDITIONS = DEBUG;
				SWIFT_OPTIMIZATION_LEVEL = "-Onone";
			};
			name = Debug;
		};
		A42C25A922D5314E00FA0D64 /* Release */ = {
			isa = XCBuildConfiguration;
			buildSettings = {
				ALWAYS_SEARCH_USER_PATHS = NO;
				CLANG_ANALYZER_NONNULL = YES;
				CLANG_ANALYZER_NUMBER_OBJECT_CONVERSION = YES_AGGRESSIVE;
				CLANG_CXX_LANGUAGE_STANDARD = "gnu++14";
				CLANG_CXX_LIBRARY = "libc++";
				CLANG_ENABLE_MODULES = YES;
				CLANG_ENABLE_OBJC_ARC = YES;
				CLANG_ENABLE_OBJC_WEAK = YES;
				CLANG_WARN_BLOCK_CAPTURE_AUTORELEASING = YES;
				CLANG_WARN_BOOL_CONVERSION = YES;
				CLANG_WARN_COMMA = YES;
				CLANG_WARN_CONSTANT_CONVERSION = YES;
				CLANG_WARN_DEPRECATED_OBJC_IMPLEMENTATIONS = YES;
				CLANG_WARN_DIRECT_OBJC_ISA_USAGE = YES_ERROR;
				CLANG_WARN_DOCUMENTATION_COMMENTS = YES;
				CLANG_WARN_EMPTY_BODY = YES;
				CLANG_WARN_ENUM_CONVERSION = YES;
				CLANG_WARN_INFINITE_RECURSION = YES;
				CLANG_WARN_INT_CONVERSION = YES;
				CLANG_WARN_NON_LITERAL_NULL_CONVERSION = YES;
				CLANG_WARN_OBJC_IMPLICIT_RETAIN_SELF = YES;
				CLANG_WARN_OBJC_LITERAL_CONVERSION = YES;
				CLANG_WARN_OBJC_ROOT_CLASS = YES_ERROR;
				CLANG_WARN_RANGE_LOOP_ANALYSIS = YES;
				CLANG_WARN_STRICT_PROTOTYPES = YES;
				CLANG_WARN_SUSPICIOUS_MOVE = YES;
				CLANG_WARN_UNGUARDED_AVAILABILITY = YES_AGGRESSIVE;
				CLANG_WARN_UNREACHABLE_CODE = YES;
				CLANG_WARN__DUPLICATE_METHOD_MATCH = YES;
				CODE_SIGN_IDENTITY = "iPhone Developer";
				COPY_PHASE_STRIP = NO;
				DEBUG_INFORMATION_FORMAT = "dwarf-with-dsym";
				ENABLE_NS_ASSERTIONS = NO;
				ENABLE_STRICT_OBJC_MSGSEND = YES;
				GCC_C_LANGUAGE_STANDARD = gnu11;
				GCC_NO_COMMON_BLOCKS = YES;
				GCC_WARN_64_TO_32_BIT_CONVERSION = YES;
				GCC_WARN_ABOUT_RETURN_TYPE = YES_ERROR;
				GCC_WARN_UNDECLARED_SELECTOR = YES;
				GCC_WARN_UNINITIALIZED_AUTOS = YES_AGGRESSIVE;
				GCC_WARN_UNUSED_FUNCTION = YES;
				GCC_WARN_UNUSED_VARIABLE = YES;
				IPHONEOS_DEPLOYMENT_TARGET = 12.2;
				MTL_ENABLE_DEBUG_INFO = NO;
				MTL_FAST_MATH = YES;
				SDKROOT = iphoneos;
				SWIFT_COMPILATION_MODE = wholemodule;
				SWIFT_OPTIMIZATION_LEVEL = "-O";
				VALIDATE_PRODUCT = YES;
			};
			name = Release;
		};
		A42C25AB22D5314E00FA0D64 /* Debug */ = {
			isa = XCBuildConfiguration;
			buildSettings = {
				ASSETCATALOG_COMPILER_APPICON_NAME = AppIcon;
				CODE_SIGN_STYLE = Automatic;
				DEVELOPMENT_TEAM = 3ZLX8VSJT3;
				INFOPLIST_FILE = Continuum/Info.plist;
				LD_RUNPATH_SEARCH_PATHS = (
					"$(inherited)",
					"@executable_path/Frameworks",
				);
				PRODUCT_BUNDLE_IDENTIFIER = com.jasonbmandozzi.Continuum;
				PRODUCT_NAME = "$(TARGET_NAME)";
				SWIFT_VERSION = 5.0;
				TARGETED_DEVICE_FAMILY = "1,2";
			};
			name = Debug;
		};
		A42C25AC22D5314E00FA0D64 /* Release */ = {
			isa = XCBuildConfiguration;
			buildSettings = {
				ASSETCATALOG_COMPILER_APPICON_NAME = AppIcon;
				CODE_SIGN_STYLE = Automatic;
				DEVELOPMENT_TEAM = 3ZLX8VSJT3;
				INFOPLIST_FILE = Continuum/Info.plist;
				LD_RUNPATH_SEARCH_PATHS = (
					"$(inherited)",
					"@executable_path/Frameworks",
				);
				PRODUCT_BUNDLE_IDENTIFIER = com.jasonbmandozzi.Continuum;
				PRODUCT_NAME = "$(TARGET_NAME)";
				SWIFT_VERSION = 5.0;
				TARGETED_DEVICE_FAMILY = "1,2";
			};
			name = Release;
		};
/* End XCBuildConfiguration section */

/* Begin XCConfigurationList section */
		A42C259322D5314D00FA0D64 /* Build configuration list for PBXProject "Continuum" */ = {
			isa = XCConfigurationList;
			buildConfigurations = (
				A42C25A822D5314E00FA0D64 /* Debug */,
				A42C25A922D5314E00FA0D64 /* Release */,
			);
			defaultConfigurationIsVisible = 0;
			defaultConfigurationName = Release;
		};
		A42C25AA22D5314E00FA0D64 /* Build configuration list for PBXNativeTarget "Continuum" */ = {
			isa = XCConfigurationList;
			buildConfigurations = (
				A42C25AB22D5314E00FA0D64 /* Debug */,
				A42C25AC22D5314E00FA0D64 /* Release */,
			);
			defaultConfigurationIsVisible = 0;
			defaultConfigurationName = Release;
		};
/* End XCConfigurationList section */
	};
	rootObject = A42C259022D5314D00FA0D64 /* Project object */;
}
